
Microsoft Visual Studio Solution File, Format Version 12.00
# Visual Studio Version 16
VisualStudioVersion = 16.0.31624.102
MinimumVisualStudioVersion = 10.0.40219.1
Project("{F184B08F-C81C-45F6-A57F-5ABD9991F28F}") = "Projet Bezier Muller Jellimann", "Projet Bezier Muller Jellimann\Projet Bezier Muller Jellimann.vbproj", "{E3D65C8E-7DD2-45D0-B629-D4C4D9702863}"
EndProject
Global
	GlobalSection(SolutionConfigurationPlatforms) = preSolution
		Debug|Any CPU = Debug|Any CPU
		Release|Any CPU = Release|Any CPU
	EndGlobalSection
	GlobalSection(ProjectConfigurationPlatforms) = postSolution
		{E3D65C8E-7DD2-45D0-B629-D4C4D9702863}.Debug|Any CPU.ActiveCfg = Debug|Any CPU
		{E3D65C8E-7DD2-45D0-B629-D4C4D9702863}.Debug|Any CPU.Build.0 = Debug|Any CPU
		{E3D65C8E-7DD2-45D0-B629-D4C4D9702863}.Release|Any CPU.ActiveCfg = Release|Any CPU
		{E3D65C8E-7DD2-45D0-B629-D4C4D9702863}.Release|Any CPU.Build.0 = Release|Any CPU
	EndGlobalSection
	GlobalSection(SolutionProperties) = preSolution
		HideSolutionNode = FALSE
	EndGlobalSection
	GlobalSection(ExtensibilityGlobals) = postSolution
		SolutionGuid = {5324367C-B5F0-4B14-BF7C-57C5B4FAB583}
	EndGlobalSection
EndGlobal
